hash: ecccf5c52a44eda4559ccc91005e0c1d5373e4abd0ef9e952eb8558a0eda3ef5
updated: 2016-09-25T12:48:39.464549973+02:00
imports:
- name: github.com/docopt/docopt-go
  version: 784ddc588536785e7299f7272f39101f7faccc3f
- name: github.com/google/gopacket
  version: aa09ced736460d76535444c825932a0742975f7d
  subpackages:
  - layers
  - pcap
  - tcpassembly
  - tcpassembly/tcpreader
- name: github.com/mgutz/ansi
  version: 22ddafb24adc4786c83841aa3021349818c898e4
- name: github.com/pkg/profile
  version: 1c16f117a3ab788fdf0e334e623b8bccf5679866
- name: github.com/rcrowley/go-metrics
  version: dee209f2455f101a5e4e593dea94872d2c62d85d
- name: github.com/Sirupsen/logrus
  version: 4b6ea7319e214d98c938f12692336f7ca9348d6b
- name: gopkg.in/yaml.v2
  version: 31c299268d302dd0aa9a0dcf765a3d58971ac83f
testImports:
- name: github.com/jtolds/gls
  version: 9a4a02dbe491bef4bab3c24fd9f3087d6c4c6690
- name: github.com/smartystreets/assertions
  version: 75acd402ca38dc205641a826bb58b9de014926dd
  subpackages:
  - internal/oglematchers
- name: github.com/smartystreets/goconvey
  version: d4c757aa9afd1e2fc1832aaab209b5794eb336e1
  subpackages:
  - convey
  - convey/gotest
  - convey/reporting
